{
  "name": "truth-tutor",
  "version": "0.2.0",
  "lockfileVersion": 3,
  "requires": true,
  "packages": {
    "": {
      "name": "truth-tutor",
      "version": "0.2.0",
      "license": "MIT",
      "bin": {
        "truth-tutor": "bin/truth-tutor.mjs"
      },
      "engines": {
        "node": ">=20"
      }
    }
  }
}
